
Microsoft Visual Studio Solution File, Format Version 12.00
# Visual Studio Version 17
VisualStudioVersion = 17.7.34221.43
MinimumVisualStudioVersion = 10.0.40219.1
Project("{FAE04EC0-301F-11D3-BF4B-00C04F79EFBC}") = "Royalty-Turbo", "Royalty-Turbo.csproj", "{2C75ABBD-E362-4624-9F72-685799FDC707}"
EndProject
Project("{9A19103F-16F7-4668-BE54-9A1E7A4F7556}") = "Royalty-Turbo.Common", "..\Royalty-Turbo.Common\Royalty-Turbo.Common.csproj", "{FCA671F8-FE4A-41D6-B28D-489041D44FAF}"
EndProject
Project("{9A19103F-16F7-4668-BE54-9A1E7A4F7556}") = "Royalty-Turbo.DataAccess", "..\Royalty-Turbo.DataAccess\Royalty-Turbo.DataAccess.csproj", "{C9EE8327-181E-4AD9-BDD1-7E5F49196381}"
EndProject
Project("{9A19103F-16F7-4668-BE54-9A1E7A4F7556}") = "Royalty-Turbo.Controller", "..\Royalty-Turbo.Controller\Royalty-Turbo.Controller.csproj", "{24635FB7-2F3F-4E57-B2AB-7B140467124D}"
EndProject
Project("{9A19103F-16F7-4668-BE54-9A1E7A4F7556}") = "Royalty-Turbo.MiddleTier", "..\Royalty-Turbo.MiddleTier\Royalty-Turbo.MiddleTier.csproj", "{6EF99E22-57CB-46E7-B95A-252118BFBEB6}"
EndProject
Global
	GlobalSection(SolutionConfigurationPlatforms) = preSolution
		Debug|Any CPU = Debug|Any CPU
		Release|Any CPU = Release|Any CPU
	EndGlobalSection
	GlobalSection(ProjectConfigurationPlatforms) = postSolution
		{2C75ABBD-E362-4624-9F72-685799FDC707}.Debug|Any CPU.ActiveCfg = Debug|Any CPU
		{2C75ABBD-E362-4624-9F72-685799FDC707}.Debug|Any CPU.Build.0 = Debug|Any CPU
		{2C75ABBD-E362-4624-9F72-685799FDC707}.Release|Any CPU.ActiveCfg = Release|Any CPU
		{2C75ABBD-E362-4624-9F72-685799FDC707}.Release|Any CPU.Build.0 = Release|Any CPU
		{FCA671F8-FE4A-41D6-B28D-489041D44FAF}.Debug|Any CPU.ActiveCfg = Debug|Any CPU
		{FCA671F8-FE4A-41D6-B28D-489041D44FAF}.Debug|Any CPU.Build.0 = Debug|Any CPU
		{FCA671F8-FE4A-41D6-B28D-489041D44FAF}.Release|Any CPU.ActiveCfg = Release|Any CPU
		{FCA671F8-FE4A-41D6-B28D-489041D44FAF}.Release|Any CPU.Build.0 = Release|Any CPU
		{C9EE8327-181E-4AD9-BDD1-7E5F49196381}.Debug|Any CPU.ActiveCfg = Debug|Any CPU
		{C9EE8327-181E-4AD9-BDD1-7E5F49196381}.Debug|Any CPU.Build.0 = Debug|Any CPU
		{C9EE8327-181E-4AD9-BDD1-7E5F49196381}.Release|Any CPU.ActiveCfg = Release|Any CPU
		{C9EE8327-181E-4AD9-BDD1-7E5F49196381}.Release|Any CPU.Build.0 = Release|Any CPU
		{24635FB7-2F3F-4E57-B2AB-7B140467124D}.Debug|Any CPU.ActiveCfg = Debug|Any CPU
		{24635FB7-2F3F-4E57-B2AB-7B140467124D}.Debug|Any CPU.Build.0 = Debug|Any CPU
		{24635FB7-2F3F-4E57-B2AB-7B140467124D}.Release|Any CPU.ActiveCfg = Release|Any CPU
		{24635FB7-2F3F-4E57-B2AB-7B140467124D}.Release|Any CPU.Build.0 = Release|Any CPU
		{6EF99E22-57CB-46E7-B95A-252118BFBEB6}.Debug|Any CPU.ActiveCfg = Debug|Any CPU
		{6EF99E22-57CB-46E7-B95A-252118BFBEB6}.Debug|Any CPU.Build.0 = Debug|Any CPU
		{6EF99E22-57CB-46E7-B95A-252118BFBEB6}.Release|Any CPU.ActiveCfg = Release|Any CPU
		{6EF99E22-57CB-46E7-B95A-252118BFBEB6}.Release|Any CPU.Build.0 = Release|Any CPU
	EndGlobalSection
	GlobalSection(SolutionProperties) = preSolution
		HideSolutionNode = FALSE
	EndGlobalSection
	GlobalSection(ExtensibilityGlobals) = postSolution
		SolutionGuid = {78184CCF-641A-4030-8093-EB9129F6512E}
	EndGlobalSection
EndGlobal
